
Microsoft Visual Studio Solution File, Format Version 12.00
# Visual Studio Version 17
VisualStudioVersion = 17.4.33205.214
MinimumVisualStudioVersion = 10.0.40219.1
Project("{9A19103F-16F7-4668-BE54-9A1E7A4F7556}") = "WebApi", "WebApi\WebApi.csproj", "{6A83A88A-F90A-45E7-B8FC-BA13FC922070}"
EndProject
Project("{FAE04EC0-301F-11D3-BF4B-00C04F79EFBC}") = "Entities", "Entities\Entities.csproj", "{7B03AEFA-1EF4-4824-A2EB-0228E3C127BE}"
EndProject
Project("{FAE04EC0-301F-11D3-BF4B-00C04F79EFBC}") = "Repositories", "Repositories\Repositories.csproj", "{49A72A7F-29A8-4640-822F-CBAC3E9DB2D5}"
EndProject
Project("{FAE04EC0-301F-11D3-BF4B-00C04F79EFBC}") = "Services", "Services\Services.csproj", "{1F8DBB5E-4125-40C3-A84A-BB76CEC0942D}"
EndProject
Project("{FAE04EC0-301F-11D3-BF4B-00C04F79EFBC}") = "Presentation", "Presentation\Presentation.csproj", "{4A02EE89-C3E9-461A-8AF6-BD4BE0A59884}"
EndProject
Global
	GlobalSection(SolutionConfigurationPlatforms) = preSolution
		Debug|Any CPU = Debug|Any CPU
		Release|Any CPU = Release|Any CPU
	EndGlobalSection
	GlobalSection(ProjectConfigurationPlatforms) = postSolution
		{6A83A88A-F90A-45E7-B8FC-BA13FC922070}.Debug|Any CPU.ActiveCfg = Debug|Any CPU
		{6A83A88A-F90A-45E7-B8FC-BA13FC922070}.Debug|Any CPU.Build.0 = Debug|Any CPU
		{6A83A88A-F90A-45E7-B8FC-BA13FC922070}.Release|Any CPU.ActiveCfg = Release|Any CPU
		{6A83A88A-F90A-45E7-B8FC-BA13FC922070}.Release|Any CPU.Build.0 = Release|Any CPU
		{7B03AEFA-1EF4-4824-A2EB-0228E3C127BE}.Debug|Any CPU.ActiveCfg = Debug|Any CPU
		{7B03AEFA-1EF4-4824-A2EB-0228E3C127BE}.Debug|Any CPU.Build.0 = Debug|Any CPU
		{7B03AEFA-1EF4-4824-A2EB-0228E3C127BE}.Release|Any CPU.ActiveCfg = Release|Any CPU
		{7B03AEFA-1EF4-4824-A2EB-0228E3C127BE}.Release|Any CPU.Build.0 = Release|Any CPU
		{49A72A7F-29A8-4640-822F-CBAC3E9DB2D5}.Debug|Any CPU.ActiveCfg = Debug|Any CPU
		{49A72A7F-29A8-4640-822F-CBAC3E9DB2D5}.Debug|Any CPU.Build.0 = Debug|Any CPU
		{49A72A7F-29A8-4640-822F-CBAC3E9DB2D5}.Release|Any CPU.ActiveCfg = Release|Any CPU
		{49A72A7F-29A8-4640-822F-CBAC3E9DB2D5}.Release|Any CPU.Build.0 = Release|Any CPU
		{1F8DBB5E-4125-40C3-A84A-BB76CEC0942D}.Debug|Any CPU.ActiveCfg = Debug|Any CPU
		{1F8DBB5E-4125-40C3-A84A-BB76CEC0942D}.Debug|Any CPU.Build.0 = Debug|Any CPU
		{1F8DBB5E-4125-40C3-A84A-BB76CEC0942D}.Release|Any CPU.ActiveCfg = Release|Any CPU
		{1F8DBB5E-4125-40C3-A84A-BB76CEC0942D}.Release|Any CPU.Build.0 = Release|Any CPU
		{4A02EE89-C3E9-461A-8AF6-BD4BE0A59884}.Debug|Any CPU.ActiveCfg = Debug|Any CPU
		{4A02EE89-C3E9-461A-8AF6-BD4BE0A59884}.Debug|Any CPU.Build.0 = Debug|Any CPU
		{4A02EE89-C3E9-461A-8AF6-BD4BE0A59884}.Release|Any CPU.ActiveCfg = Release|Any CPU
		{4A02EE89-C3E9-461A-8AF6-BD4BE0A59884}.Release|Any CPU.Build.0 = Release|Any CPU
	EndGlobalSection
	GlobalSection(SolutionProperties) = preSolution
		HideSolutionNode = FALSE
	EndGlobalSection
	GlobalSection(ExtensibilityGlobals) = postSolution
		SolutionGuid = {3C6E9282-090F-4C55-81EA-F05AC75FF7B9}
	EndGlobalSection
EndGlobal
